{
  "name": "benchmark",
  "version": "1.0.0",
  "lockfileVersion": 3,
  "requires": true,
  "packages": {
    "": {
      "name": "benchmark",
      "version": "1.0.0",
      "license": "ISC",
      "devDependencies": {
        "@types/k6": "^0.43.3"
      }
    },
    "node_modules/@types/k6": {
      "version": "0.43.3",
      "resolved": "https://registry.npmjs.org/@types/k6/-/k6-0.43.3.tgz",
      "integrity": "sha512-iNpIu2lKq6iYh6hMM7oJ2K1iDDq8kjPT+rXvfGVqgoiBd+F3j3jWJ+Nwc1MJutiR+TitFHk/DzzUzDk01LKP7Q==",
      "dev": true
    }
  }
}
